
Microsoft Visual Studio Solution File, Format Version 12.00
# Visual Studio Version 16
VisualStudioVersion = 16.0.30717.126
MinimumVisualStudioVersion = 10.0.40219.1
Project("{FAE04EC0-301F-11D3-BF4B-00C04F79EFBC}") = "Coffee-Time", "Coffee-Time.csproj", "{DF061BEA-1367-41C4-BBC2-89EF29F93811}"
EndProject
Global
	GlobalSection(SolutionConfigurationPlatforms) = preSolution
		Debug|Any CPU = Debug|Any CPU
		Release|Any CPU = Release|Any CPU
	EndGlobalSection
	GlobalSection(ProjectConfigurationPlatforms) = postSolution
		{DF061BEA-1367-41C4-BBC2-89EF29F93811}.Debug|Any CPU.ActiveCfg = Debug|Any CPU
		{DF061BEA-1367-41C4-BBC2-89EF29F93811}.Debug|Any CPU.Build.0 = Debug|Any CPU
		{DF061BEA-1367-41C4-BBC2-89EF29F93811}.Release|Any CPU.ActiveCfg = Release|Any CPU
		{DF061BEA-1367-41C4-BBC2-89EF29F93811}.Release|Any CPU.Build.0 = Release|Any CPU
	EndGlobalSection
	GlobalSection(SolutionProperties) = preSolution
		HideSolutionNode = FALSE
	EndGlobalSection
	GlobalSection(ExtensibilityGlobals) = postSolution
		SolutionGuid = {D642F6D7-14F3-482C-8D88-8C2824B75755}
	EndGlobalSection
EndGlobal
